<?xml version="1.0" encoding="utf-8"?>
<Project ToolsVersion="4.0" xmlns="http://schemas.microsoft.com/developer/msbuild/2003">
  <ItemGroup>
    <Filter Include="Header Files">
      <UniqueIdentifier>{93995380-89BD-4b04-88EB-625FBE52EBFB}</UniqueIdentifier>
      <Extensions>h;hh;hpp;hxx;hm;inl;inc;xsd</Extensions>
    </Filter>
    <Filter Include="Resource Files">
      <UniqueIdentifier>{67DA6AB6-F800-4c08-8B7A-83BB121AAD01}</UniqueIdentifier>
      <Extensions>rc;ico;cur;bmp;dlg;rc2;rct;bin;rgs;gif;jpg;jpeg;jpe;resx;tiff;tif;png;wav;mfcribbon-ms</Extensions>
    </Filter>
    <Filter Include="Source Files">
      <UniqueIdentifier>{4FC737F1-C7A5-4376-A066-2A32D752A2FF}</UniqueIdentifier>
      <Extensions>cpp;c;cc;cxx;def;odl;idl;hpj;bat;asm;asmx</Extensions>
    </Filter>
    <Filter Include="Header Files\Encoder_dependencies">
      <UniqueIdentifier>{9c10dbfd-e4f7-4165-897d-13e7b7953ed3}</UniqueIdentifier>
    </Filter>
  </ItemGroup>
  <ItemGroup>
    <None Include="ECU2018.ino" />
  </ItemGroup>
  <ItemGroup>
    <ClInclude Include="__vm\.ECU2018.vsarduino.h">
      <Filter>Header Files</Filter>
    </ClInclude>
    <ClInclude Include="sources\adc.h">
      <Filter>Header Files</Filter>
    </ClInclude>
    <ClInclude Include="sources\autoGear.h">
      <Filter>Header Files</Filter>
    </ClInclude>
    <ClInclude Include="sources\bluetooth.h">
      <Filter>Header Files</Filter>
    </ClInclude>
    <ClInclude Include="sources\global.h">
      <Filter>Header Files</Filter>
    </ClInclude>
    <ClInclude Include="sources\inout.h">
      <Filter>Header Files</Filter>
    </ClInclude>
    <ClInclude Include="sources\LEDs.h">
      <Filter>Header Files</Filter>
    </ClInclude>
    <ClInclude Include="sources\motorCAN.h">
      <Filter>Header Files</Filter>
    </ClInclude>
    <ClInclude Include="sources\my_queue.h">
      <Filter>Header Files</Filter>
    </ClInclude>
    <ClInclude Include="sources\rs232.h">
      <Filter>Header Files</Filter>
    </ClInclude>
    <ClInclude Include="sources\rs232sync.h">
      <Filter>Header Files</Filter>
    </ClInclude>
    <ClInclude Include="sources\Encoder-master\utility\interrupt_config.h">
      <Filter>Header Files\Encoder_dependencies</Filter>
    </ClInclude>
    <ClInclude Include="sources\Encoder-master\utility\interrupt_pins.h">
      <Filter>Header Files\Encoder_dependencies</Filter>
    </ClInclude>
    <ClInclude Include="sources\Encoder-master\Encoder.h">
      <Filter>Header Files</Filter>
    </ClInclude>
    <ClInclude Include="sources\Encoder-master\direct_pin_read.h">
      <Filter>Header Files</Filter>
    </ClInclude>
    <ClInclude Include="sources\Encoder-master\interrupt_config.h">
      <Filter>Header Files</Filter>
    </ClInclude>
    <ClInclude Include="sources\Encoder-master\interrupt_pins.h">
      <Filter>Header Files</Filter>
    </ClInclude>
    <ClInclude Include="sources\ignition.h">
      <Filter>Header Files</Filter>
    </ClInclude>
    <ClInclude Include="sources\ingAndinjArray.h">
      <Filter>Header Files</Filter>
    </ClInclude>
    <ClInclude Include="sources\injection.h">
      <Filter>Header Files</Filter>
    </ClInclude>
    <ClInclude Include="sources\position.h">
      <Filter>Header Files</Filter>
    </ClInclude>
    <ClInclude Include="sources\Encoder-master\utility\direct_pin_read.h">
      <Filter>Header Files\Encoder_dependencies</Filter>
    </ClInclude>
  </ItemGroup>
  <ItemGroup>
    <ClCompile Include="sources\adc.cpp">
      <Filter>Source Files</Filter>
    </ClCompile>
    <ClCompile Include="sources\autoGear.cpp">
      <Filter>Source Files</Filter>
    </ClCompile>
    <ClCompile Include="sources\bluetooth.cpp">
      <Filter>Source Files</Filter>
    </ClCompile>
    <ClCompile Include="sources\global.cpp">
      <Filter>Source Files</Filter>
    </ClCompile>
    <ClCompile Include="sources\inout.cpp">
      <Filter>Source Files</Filter>
    </ClCompile>
    <ClCompile Include="sources\LEDs.cpp">
      <Filter>Source Files</Filter>
    </ClCompile>
    <ClCompile Include="sources\motorCAN.cpp">
      <Filter>Source Files</Filter>
    </ClCompile>
    <ClCompile Include="sources\my_queue.cpp">
      <Filter>Source Files</Filter>
    </ClCompile>
    <ClCompile Include="sources\rs232.cpp">
      <Filter>Source Files</Filter>
    </ClCompile>
    <ClCompile Include="sources\rs232sync.cpp">
      <Filter>Source Files</Filter>
    </ClCompile>
    <ClCompile Include="sources\Encoder-master\Encoder.cpp">
      <Filter>Source Files</Filter>
    </ClCompile>
    <ClCompile Include="sources\ignition.cpp">
      <Filter>Source Files</Filter>
    </ClCompile>
    <ClCompile Include="sources\ingAndinjArray.cpp">
      <Filter>Source Files</Filter>
    </ClCompile>
    <ClCompile Include="sources\injection.cpp">
      <Filter>Source Files</Filter>
    </ClCompile>
    <ClCompile Include="sources\position.cpp">
      <Filter>Source Files</Filter>
    </ClCompile>
  </ItemGroup>
</Project>